// !$*UTF8*$!
{
	archiveVersion = 1;
	classes = {
	};
	objectVersion = 46;
	objects = {

/* Begin PBXBuildFile section */
		ABDC93781B3CEBB200F76DFB /* AppDelegate.swift in Sources */ = {isa = PBXBuildFile; fileRef = ABDC93771B3CEBB200F76DFB /* AppDelegate.swift */; };
		ABDC937A1B3CEBB200F76DFB /* ViewController.swift in Sources */ = {isa = PBXBuildFile; fileRef = ABDC93791B3CEBB200F76DFB /* ViewController.swift */; };
		ABDC937D1B3CEBB200F76DFB /* Main.storyboard in Resources */ = {isa = PBXBuildFile; fileRef = ABDC937B1B3CEBB200F76DFB /* Main.storyboard */; };
		ABDC937F1B3CEBB200F76DFB /* Assets.xcassets in Resources */ = {isa = PBXBuildFile; fileRef = ABDC937E1B3CEBB200F76DFB /* Assets.xcassets */; };
		ABDC93821B3CEBB200F76DFB /* LaunchScreen.storyboard in Resources */ = {isa = PBXBuildFile; fileRef = ABDC93801B3CEBB200F76DFB /* LaunchScreen.storyboard */; };
		ABDC938D1B3CEBB200F76DFB /* TalkWithHostUITests.swift in Sources */ = {isa = PBXBuildFile; fileRef = ABDC938C1B3CEBB200F76DFB /* TalkWithHostUITests.swift */; };
		ABFC471E1B3CF833007D9D5D /* Alamofire.framework in CopyFiles */ = {isa = PBXBuildFile; fileRef = ABFC471A1B3CF5F9007D9D5D /* Alamofire.framework */; settings = {ATTRIBUTES = (CodeSignOnCopy, RemoveHeadersOnCopy, ); }; };
		ABFC471F1B3CF9D2007D9D5D /* Alamofire.framework in Frameworks */ = {isa = PBXBuildFile; fileRef = ABFC471A1B3CF5F9007D9D5D /* Alamofire.framework */; };
/* End PBXBuildFile section */

/* Begin PBXContainerItemProxy section */
		ABDC93891B3CEBB200F76DFB /* PBXContainerItemProxy */ = {
			isa = PBXContainerItemProxy;
			containerPortal = ABDC936C1B3CEBB200F76DFB /* Project object */;
			proxyType = 1;
			remoteGlobalIDString = ABDC93731B3CEBB200F76DFB;
			remoteInfo = TalkWithHost;
		};
/* End PBXContainerItemProxy section */

/* Begin PBXCopyFilesBuildPhase section */
		ABFC471D1B3CF818007D9D5D /* CopyFiles */ = {
			isa = PBXCopyFilesBuildPhase;
			buildActionMask = 2147483647;
			dstPath = "";
			dstSubfolderSpec = 10;
			files = (
				ABFC471E1B3CF833007D9D5D /* Alamofire.framework in CopyFiles */,
			);
			runOnlyForDeploymentPostprocessing = 0;
		};
/* End PBXCopyFilesBuildPhase section */

/* Begin PBXFileReference section */
		ABDC93741B3CEBB200F76DFB /* TalkWithHost.app */ = {isa = PBXFileReference; explicitFileType = wrapper.application; includeInIndex = 0; path = TalkWithHost.app; sourceTree = BUILT_PRODUCTS_DIR; };
		ABDC93771B3CEBB200F76DFB /* AppDelegate.swift */ = {isa = PBXFileReference; lastKnownFileType = sourcecode.swift; path = AppDelegate.swift; sourceTree = "<group>"; };
		ABDC93791B3CEBB200F76DFB /* ViewController.swift */ = {isa = PBXFileReference; lastKnownFileType = sourcecode.swift; path = ViewController.swift; sourceTree = "<group>"; };
		ABDC937C1B3CEBB200F76DFB /* Base */ = {isa = PBXFileReference; lastKnownFileType = file.storyboard; name = Base; path = Base.lproj/Main.storyboard; sourceTree = "<group>"; };
		ABDC937E1B3CEBB200F76DFB /* Assets.xcassets */ = {isa = PBXFileReference; lastKnownFileType = folder.assetcatalog; path = Assets.xcassets; sourceTree = "<group>"; };
		ABDC93811B3CEBB200F76DFB /* Base */ = {isa = PBXFileReference; lastKnownFileType = file.storyboard; name = Base; path = Base.lproj/LaunchScreen.storyboard; sourceTree = "<group>"; };
		ABDC93831B3CEBB200F76DFB /* Info.plist */ = {isa = PBXFileReference; lastKnownFileType = text.plist.xml; path = Info.plist; sourceTree = "<group>"; };
		ABDC93881B3CEBB200F76DFB /* TalkWithHostUITests.xctest */ = {isa = PBXFileReference; explicitFileType = wrapper.cfbundle; includeInIndex = 0; path = TalkWithHostUITests.xctest; sourceTree = BUILT_PRODUCTS_DIR; };
		ABDC938C1B3CEBB200F76DFB /* TalkWithHostUITests.swift */ = {isa = PBXFileReference; lastKnownFileType = sourcecode.swift; path = TalkWithHostUITests.swift; sourceTree = "<group>"; };
		ABDC938E1B3CEBB200F76DFB /* Info.plist */ = {isa = PBXFileReference; lastKnownFileType = text.plist.xml; path = Info.plist; sourceTree = "<group>"; };
		ABFC471A1B3CF5F9007D9D5D /* Alamofire.framework */ = {isa = PBXFileReference; lastKnownFileType = wrapper.framework; name = Alamofire.framework; path = Carthage/Build/iOS/Alamofire.framework; sourceTree = "<group>"; };
/* End PBXFileReference section */

/* Begin PBXFrameworksBuildPhase section */
		ABDC93711B3CEBB200F76DFB /* Frameworks */ = {
			isa = PBXFrameworksBuildPhase;
			buildActionMask = 2147483647;
			files = (
			);
			runOnlyForDeploymentPostprocessing = 0;
		};
		ABDC93851B3CEBB200F76DFB /* Frameworks */ = {
			isa = PBXFrameworksBuildPhase;
			buildActionMask = 2147483647;
			files = (
				ABFC471F1B3CF9D2007D9D5D /* Alamofire.framework in Frameworks */,
			);
			runOnlyForDeploymentPostprocessing = 0;
		};
/* End PBXFrameworksBuildPhase section */

/* Begin PBXGroup section */
		ABDC936B1B3CEBB200F76DFB = {
			isa = PBXGroup;
			children = (
				ABFC471A1B3CF5F9007D9D5D /* Alamofire.framework */,
				ABDC93761B3CEBB200F76DFB /* TalkWithHost */,
				ABDC938B1B3CEBB200F76DFB /* TalkWithHostUITests */,
				ABDC93751B3CEBB200F76DFB /* Products */,
			);
			sourceTree = "<group>";
		};
		ABDC93751B3CEBB200F76DFB /* Products */ = {
			isa = PBXGroup;
			children = (
				ABDC93741B3CEBB200F76DFB /* TalkWithHost.app */,
				ABDC93881B3CEBB200F76DFB /* TalkWithHostUITests.xctest */,
			);
			name = Products;
			sourceTree = "<group>";
		};
		ABDC93761B3CEBB200F76DFB /* TalkWithHost */ = {
			isa = PBXGroup;
			children = (
				ABDC93771B3CEBB200F76DFB /* AppDelegate.swift */,
				ABDC93791B3CEBB200F76DFB /* ViewController.swift */,
				ABDC937B1B3CEBB200F76DFB /* Main.storyboard */,
				ABDC937E1B3CEBB200F76DFB /* Assets.xcassets */,
				ABDC93801B3CEBB200F76DFB /* LaunchScreen.storyboard */,
				ABDC93831B3CEBB200F76DFB /* Info.plist */,
			);
			path = TalkWithHost;
			sourceTree = "<group>";
		};
		ABDC938B1B3CEBB200F76DFB /* TalkWithHostUITests */ = {
			isa = PBXGroup;
			children = (
				ABDC938C1B3CEBB200F76DFB /* TalkWithHostUITests.swift */,
				ABDC938E1B3CEBB200F76DFB /* Info.plist */,
			);
			path = TalkWithHostUITests;
			sourceTree = "<group>";
		};
/* End PBXGroup section */

/* Begin PBXNativeTarget section */
		ABDC93731B3CEBB200F76DFB /* TalkWithHost */ = {
			isa = PBXNativeTarget;
			buildConfigurationList = ABDC93911B3CEBB200F76DFB /* Build configuration list for PBXNativeTarget "TalkWithHost" */;
			buildPhases = (
				ABDC93701B3CEBB200F76DFB /* Sources */,
				ABDC93711B3CEBB200F76DFB /* Frameworks */,
				ABDC93721B3CEBB200F76DFB /* Resources */,
			);
			buildRules = (
			);
			dependencies = (
			);
			name = TalkWithHost;
			productName = TalkWithHost;
			productReference = ABDC93741B3CEBB200F76DFB /* TalkWithHost.app */;
			productType = "com.apple.product-type.application";
		};
		ABDC93871B3CEBB200F76DFB /* TalkWithHostUITests */ = {
			isa = PBXNativeTarget;
			buildConfigurationList = ABDC93941B3CEBB200F76DFB /* Build configuration list for PBXNativeTarget "TalkWithHostUITests" */;
			buildPhases = (
				ABFC471D1B3CF818007D9D5D /* CopyFiles */,
				ABFC471C1B3CF656007D9D5D /* ShellScript */,
				ABDC93841B3CEBB200F76DFB /* Sources */,
				ABDC93851B3CEBB200F76DFB /* Frameworks */,
				ABDC93861B3CEBB200F76DFB /* Resources */,
			);
			buildRules = (
			);
			dependencies = (
				ABDC938A1B3CEBB200F76DFB /* PBXTargetDependency */,
			);
			name = TalkWithHostUITests;
			productName = TalkWithHostUITests;
			productReference = ABDC93881B3CEBB200F76DFB /* TalkWithHostUITests.xctest */;
			productType = "com.apple.product-type.bundle.ui-testing";
		};
/* End PBXNativeTarget section */

/* Begin PBXProject section */
		ABDC936C1B3CEBB200F76DFB /* Project object */ = {
			isa = PBXProject;
			attributes = {
				LastUpgradeCheck = 0700;
				ORGANIZATIONNAME = nestlabs;
				TargetAttributes = {
					ABDC93731B3CEBB200F76DFB = {
						CreatedOnToolsVersion = 7.0;
					};
					ABDC93871B3CEBB200F76DFB = {
						CreatedOnToolsVersion = 7.0;
						TestTargetID = ABDC93731B3CEBB200F76DFB;
					};
				};
			};
			buildConfigurationList = ABDC936F1B3CEBB200F76DFB /* Build configuration list for PBXProject "TalkWithHost" */;
			compatibilityVersion = "Xcode 3.2";
			developmentRegion = English;
			hasScannedForEncodings = 0;
			knownRegions = (
				en,
				Base,
			);
			mainGroup = ABDC936B1B3CEBB200F76DFB;
			productRefGroup = ABDC93751B3CEBB200F76DFB /* Products */;
			projectDirPath = "";
			projectRoot = "";
			targets = (
				ABDC93731B3CEBB200F76DFB /* TalkWithHost */,
				ABDC93871B3CEBB200F76DFB /* TalkWithHostUITests */,
			);
		};
/* End PBXProject section */

/* Begin PBXResourcesBuildPhase section */
		ABDC93721B3CEBB200F76DFB /* Resources */ = {
			isa = PBXResourcesBuildPhase;
			buildActionMask = 2147483647;
			files = (
				ABDC93821B3CEBB200F76DFB /* LaunchScreen.storyboard in Resources */,
				ABDC937F1B3CEBB200F76DFB /* Assets.xcassets in Resources */,
				ABDC937D1B3CEBB200F76DFB /* Main.storyboard in Resources */,
			);
			runOnlyForDeploymentPostprocessing = 0;
		};
		ABDC93861B3CEBB200F76DFB /* Resources */ = {
			isa = PBXResourcesBuildPhase;
			buildActionMask = 2147483647;
			files = (
			);
			runOnlyForDeploymentPostprocessing = 0;
		};
/* End PBXResourcesBuildPhase section */

/* Begin PBXShellScriptBuildPhase section */
		ABFC471C1B3CF656007D9D5D /* ShellScript */ = {
			isa = PBXShellScriptBuildPhase;
			buildActionMask = 2147483647;
			files = (
			);
			inputPaths = (
				"$(SRCROOT)/Carthage/Build/iOS/Alamofire.framework",
			);
			outputPaths = (
			);
			runOnlyForDeploymentPostprocessing = 0;
			shellPath = /bin/sh;
			shellScript = "/usr/local/bin/carthage copy-frameworks";
		};
/* End PBXShellScriptBuildPhase section */

/* Begin PBXSourcesBuildPhase section */
		ABDC93701B3CEBB200F76DFB /* Sources */ = {
			isa = PBXSourcesBuildPhase;
			buildActionMask = 2147483647;
			files = (
				ABDC937A1B3CEBB200F76DFB /* ViewController.swift in Sources */,
				ABDC93781B3CEBB200F76DFB /* AppDelegate.swift in Sources */,
			);
			runOnlyForDeploymentPostprocessing = 0;
		};
		ABDC93841B3CEBB200F76DFB /* Sources */ = {
			isa = PBXSourcesBuildPhase;
			buildActionMask = 2147483647;
			files = (
				ABDC938D1B3CEBB200F76DFB /* TalkWithHostUITests.swift in Sources */,
			);
			runOnlyForDeploymentPostprocessing = 0;
		};
/* End PBXSourcesBuildPhase section */

/* Begin PBXTargetDependency section */
		ABDC938A1B3CEBB200F76DFB /* PBXTargetDependency */ = {
			isa = PBXTargetDependency;
			target = ABDC93731B3CEBB200F76DFB /* TalkWithHost */;
			targetProxy = ABDC93891B3CEBB200F76DFB /* PBXContainerItemProxy */;
		};
/* End PBXTargetDependency section */

/* Begin PBXVariantGroup section */
		ABDC937B1B3CEBB200F76DFB /* Main.storyboard */ = {
			isa = PBXVariantGroup;
			children = (
				ABDC937C1B3CEBB200F76DFB /* Base */,
			);
			name = Main.storyboard;
			sourceTree = "<group>";
		};
		ABDC93801B3CEBB200F76DFB /* LaunchScreen.storyboard */ = {
			isa = PBXVariantGroup;
			children = (
				ABDC93811B3CEBB200F76DFB /* Base */,
			);
			name = LaunchScreen.storyboard;
			sourceTree = "<group>";
		};
/* End PBXVariantGroup section */

/* Begin XCBuildConfiguration section */
		ABDC938F1B3CEBB200F76DFB /* Debug */ = {
			isa = XCBuildConfiguration;
			buildSettings = {
				ALWAYS_SEARCH_USER_PATHS = NO;
				CLANG_CXX_LANGUAGE_STANDARD = "gnu++0x";
				CLANG_CXX_LIBRARY = "libc++";
				CLANG_ENABLE_MODULES = YES;
				CLANG_ENABLE_OBJC_ARC = YES;
				CLANG_WARN_BOOL_CONVERSION = YES;
				CLANG_WARN_CONSTANT_CONVERSION = YES;
				CLANG_WARN_DIRECT_OBJC_ISA_USAGE = YES_ERROR;
				CLANG_WARN_EMPTY_BODY = YES;
				CLANG_WARN_ENUM_CONVERSION = YES;
				CLANG_WARN_INT_CONVERSION = YES;
				CLANG_WARN_OBJC_ROOT_CLASS = YES_ERROR;
				CLANG_WARN_UNREACHABLE_CODE = YES;
				CLANG_WARN__DUPLICATE_METHOD_MATCH = YES;
				"CODE_SIGN_IDENTITY[sdk=iphoneos*]" = "iPhone Developer";
				COPY_PHASE_STRIP = NO;
				DEBUG_INFORMATION_FORMAT = dwarf;
				ENABLE_STRICT_OBJC_MSGSEND = YES;
				ENABLE_TESTABILITY = YES;
				GCC_C_LANGUAGE_STANDARD = gnu99;
				GCC_DYNAMIC_NO_PIC = NO;
				GCC_NO_COMMON_BLOCKS = YES;
				GCC_OPTIMIZATION_LEVEL = 0;
				GCC_PREPROCESSOR_DEFINITIONS = (
					"DEBUG=1",
					"$(inherited)",
				);
				GCC_WARN_64_TO_32_BIT_CONVERSION = YES;
				GCC_WARN_ABOUT_RETURN_TYPE = YES_ERROR;
				GCC_WARN_UNDECLARED_SELECTOR = YES;
				GCC_WARN_UNINITIALIZED_AUTOS = YES_AGGRESSIVE;
				GCC_WARN_UNUSED_FUNCTION = YES;
				GCC_WARN_UNUSED_VARIABLE = YES;
				IPHONEOS_DEPLOYMENT_TARGET = 9.0;
				MTL_ENABLE_DEBUG_INFO = YES;
				ONLY_ACTIVE_ARCH = YES;
				SDKROOT = iphoneos;
				SWIFT_OPTIMIZATION_LEVEL = "-Onone";
				TARGETED_DEVICE_FAMILY = "1,2";
			};
			name = Debug;
		};
		ABDC93901B3CEBB200F76DFB /* Release */ = {
			isa = XCBuildConfiguration;
			buildSettings = {
				ALWAYS_SEARCH_USER_PATHS = NO;
				CLANG_CXX_LANGUAGE_STANDARD = "gnu++0x";
				CLANG_CXX_LIBRARY = "libc++";
				CLANG_ENABLE_MODULES = YES;
				CLANG_ENABLE_OBJC_ARC = YES;
				CLANG_WARN_BOOL_CONVERSION = YES;
				CLANG_WARN_CONSTANT_CONVERSION = YES;
				CLANG_WARN_DIRECT_OBJC_ISA_USAGE = YES_ERROR;
				CLANG_WARN_EMPTY_BODY = YES;
				CLANG_WARN_ENUM_CONVERSION = YES;
				CLANG_WARN_INT_CONVERSION = YES;
				CLANG_WARN_OBJC_ROOT_CLASS = YES_ERROR;
				CLANG_WARN_UNREACHABLE_CODE = YES;
				CLANG_WARN__DUPLICATE_METHOD_MATCH = YES;
				"CODE_SIGN_IDENTITY[sdk=iphoneos*]" = "iPhone Developer";
				COPY_PHASE_STRIP = NO;
				DEBUG_INFORMATION_FORMAT = "dwarf-with-dsym";
				ENABLE_NS_ASSERTIONS = NO;
				ENABLE_STRICT_OBJC_MSGSEND = YES;
				GCC_C_LANGUAGE_STANDARD = gnu99;
				GCC_NO_COMMON_BLOCKS = YES;
				GCC_WARN_64_TO_32_BIT_CONVERSION = YES;
				GCC_WARN_ABOUT_RETURN_TYPE = YES_ERROR;
				GCC_WARN_UNDECLARED_SELECTOR = YES;
				GCC_WARN_UNINITIALIZED_AUTOS = YES_AGGRESSIVE;
				GCC_WARN_UNUSED_FUNCTION = YES;
				GCC_WARN_UNUSED_VARIABLE = YES;
				IPHONEOS_DEPLOYMENT_TARGET = 9.0;
				MTL_ENABLE_DEBUG_INFO = NO;
				SDKROOT = iphoneos;
				TARGETED_DEVICE_FAMILY = "1,2";
				VALIDATE_PRODUCT = YES;
			};
			name = Release;
		};
		ABDC93921B3CEBB200F76DFB /* Debug */ = {
			isa = XCBuildConfiguration;
			buildSettings = {
				ASSETCATALOG_COMPILER_APPICON_NAME = AppIcon;
				INFOPLIST_FILE = TalkWithHost/Info.plist;
				LD_RUNPATH_SEARCH_PATHS = "$(inherited) @executable_path/Frameworks";
				PRODUCT_BUNDLE_IDENTIFIER = com.nestlabs.TalkWithHost;
				PRODUCT_NAME = "$(TARGET_NAME)";
			};
			name = Debug;
		};
		ABDC93931B3CEBB200F76DFB /* Release */ = {
			isa = XCBuildConfiguration;
			buildSettings = {
				ASSETCATALOG_COMPILER_APPICON_NAME = AppIcon;
				INFOPLIST_FILE = TalkWithHost/Info.plist;
				LD_RUNPATH_SEARCH_PATHS = "$(inherited) @executable_path/Frameworks";
				PRODUCT_BUNDLE_IDENTIFIER = com.nestlabs.TalkWithHost;
				PRODUCT_NAME = "$(TARGET_NAME)";
			};
			name = Release;
		};
		ABDC93951B3CEBB200F76DFB /* Debug */ = {
			isa = XCBuildConfiguration;
			buildSettings = {
				FRAMEWORK_SEARCH_PATHS = "$(SRCROOT)/Carthage/Build/iOS/**";
				INFOPLIST_FILE = TalkWithHostUITests/Info.plist;
				LD_RUNPATH_SEARCH_PATHS = "$(inherited) @executable_path/Frameworks @loader_path/Frameworks";
				"LIBRARY_SEARCH_PATHS[arch=*]" = "$(SRCROOT)/Carthage/Build/iOS/";
				PRODUCT_BUNDLE_IDENTIFIER = com.nestlabs.TalkWithHostUITests;
				PRODUCT_NAME = "$(TARGET_NAME)";
				TEST_TARGET_NAME = TalkWithHost;
				USES_XCTRUNNER = YES;
			};
			name = Debug;
		};
		ABDC93961B3CEBB200F76DFB /* Release */ = {
			isa = XCBuildConfiguration;
			buildSettings = {
				FRAMEWORK_SEARCH_PATHS = "$(SRCROOT)/Carthage/Build/iOS/**";
				INFOPLIST_FILE = TalkWithHostUITests/Info.plist;
				LD_RUNPATH_SEARCH_PATHS = "$(inherited) @executable_path/Frameworks @loader_path/Frameworks";
				PRODUCT_BUNDLE_IDENTIFIER = com.nestlabs.TalkWithHostUITests;
				PRODUCT_NAME = "$(TARGET_NAME)";
				TEST_TARGET_NAME = TalkWithHost;
				USES_XCTRUNNER = YES;
			};
			name = Release;
		};
/* End XCBuildConfiguration section */

/* Begin XCConfigurationList section */
		ABDC936F1B3CEBB200F76DFB /* Build configuration list for PBXProject "TalkWithHost" */ = {
			isa = XCConfigurationList;
			buildConfigurations = (
				ABDC938F1B3CEBB200F76DFB /* Debug */,
				ABDC93901B3CEBB200F76DFB /* Release */,
			);
			defaultConfigurationIsVisible = 0;
			defaultConfigurationName = Release;
		};
		ABDC93911B3CEBB200F76DFB /* Build configuration list for PBXNativeTarget "TalkWithHost" */ = {
			isa = XCConfigurationList;
			buildConfigurations = (
				ABDC93921B3CEBB200F76DFB /* Debug */,
				ABDC93931B3CEBB200F76DFB /* Release */,
			);
			defaultConfigurationIsVisible = 0;
			defaultConfigurationName = Release;
		};
		ABDC93941B3CEBB200F76DFB /* Build configuration list for PBXNativeTarget "TalkWithHostUITests" */ = {
			isa = XCConfigurationList;
			buildConfigurations = (
				ABDC93951B3CEBB200F76DFB /* Debug */,
				ABDC93961B3CEBB200F76DFB /* Release */,
			);
			defaultConfigurationIsVisible = 0;
			defaultConfigurationName = Release;
		};
/* End XCConfigurationList section */
	};
	rootObject = ABDC936C1B3CEBB200F76DFB /* Project object */;
}
